
Microsoft Visual Studio Solution File, Format Version 12.00
# Visual Studio Version 17
VisualStudioVersion = 17.11.35303.130
MinimumVisualStudioVersion = 10.0.40219.1
Project("{F184B08F-C81C-45F6-A57F-5ABD9991F28F}") = "Lesson4", "Lesson4\Lesson4.vbproj", "{162EDC8C-3B2F-474C-99BB-8450C54BFFDD}"
EndProject
Global
	GlobalSection(SolutionConfigurationPlatforms) = preSolution
		Debug|Any CPU = Debug|Any CPU
		Release|Any CPU = Release|Any CPU
	EndGlobalSection
	GlobalSection(ProjectConfigurationPlatforms) = postSolution
		{162EDC8C-3B2F-474C-99BB-8450C54BFFDD}.Debug|Any CPU.ActiveCfg = Debug|Any CPU
		{162EDC8C-3B2F-474C-99BB-8450C54BFFDD}.Debug|Any CPU.Build.0 = Debug|Any CPU
		{162EDC8C-3B2F-474C-99BB-8450C54BFFDD}.Release|Any CPU.ActiveCfg = Release|Any CPU
		{162EDC8C-3B2F-474C-99BB-8450C54BFFDD}.Release|Any CPU.Build.0 = Release|Any CPU
	EndGlobalSection
	GlobalSection(SolutionProperties) = preSolution
		HideSolutionNode = FALSE
	EndGlobalSection
	GlobalSection(ExtensibilityGlobals) = postSolution
		SolutionGuid = {D1A6902A-191C-4DD0-97B5-D7C667CB0C93}
	EndGlobalSection
EndGlobal
