
Microsoft Visual Studio Solution File, Format Version 12.00
# Visual Studio Version 17
VisualStudioVersion = 17.11.35303.130
MinimumVisualStudioVersion = 10.0.40219.1
Project("{F184B08F-C81C-45F6-A57F-5ABD9991F28F}") = "Lesson3", "Lesson3\Lesson3.vbproj", "{57A51E05-2210-4A75-A588-6DD7EE837FFD}"
EndProject
Global
	GlobalSection(SolutionConfigurationPlatforms) = preSolution
		Debug|Any CPU = Debug|Any CPU
		Release|Any CPU = Release|Any CPU
	EndGlobalSection
	GlobalSection(ProjectConfigurationPlatforms) = postSolution
		{57A51E05-2210-4A75-A588-6DD7EE837FFD}.Debug|Any CPU.ActiveCfg = Debug|Any CPU
		{57A51E05-2210-4A75-A588-6DD7EE837FFD}.Debug|Any CPU.Build.0 = Debug|Any CPU
		{57A51E05-2210-4A75-A588-6DD7EE837FFD}.Release|Any CPU.ActiveCfg = Release|Any CPU
		{57A51E05-2210-4A75-A588-6DD7EE837FFD}.Release|Any CPU.Build.0 = Release|Any CPU
	EndGlobalSection
	GlobalSection(SolutionProperties) = preSolution
		HideSolutionNode = FALSE
	EndGlobalSection
	GlobalSection(ExtensibilityGlobals) = postSolution
		SolutionGuid = {90A78F86-028B-4B67-A3F4-C49B548E67EA}
	EndGlobalSection
EndGlobal
