
Microsoft Visual Studio Solution File, Format Version 12.00
# Visual Studio Version 17
VisualStudioVersion = 17.11.35303.130
MinimumVisualStudioVersion = 10.0.40219.1
Project("{F184B08F-C81C-45F6-A57F-5ABD9991F28F}") = "Lesson15", "Lesson15\Lesson15.vbproj", "{64E5EC92-4FD7-47D3-B550-F57B795E9875}"
EndProject
Global
	GlobalSection(SolutionConfigurationPlatforms) = preSolution
		Debug|Any CPU = Debug|Any CPU
		Release|Any CPU = Release|Any CPU
	EndGlobalSection
	GlobalSection(ProjectConfigurationPlatforms) = postSolution
		{64E5EC92-4FD7-47D3-B550-F57B795E9875}.Debug|Any CPU.ActiveCfg = Debug|Any CPU
		{64E5EC92-4FD7-47D3-B550-F57B795E9875}.Debug|Any CPU.Build.0 = Debug|Any CPU
		{64E5EC92-4FD7-47D3-B550-F57B795E9875}.Release|Any CPU.ActiveCfg = Release|Any CPU
		{64E5EC92-4FD7-47D3-B550-F57B795E9875}.Release|Any CPU.Build.0 = Release|Any CPU
	EndGlobalSection
	GlobalSection(SolutionProperties) = preSolution
		HideSolutionNode = FALSE
	EndGlobalSection
	GlobalSection(ExtensibilityGlobals) = postSolution
		SolutionGuid = {0C2AA16B-354E-4CDA-AE88-F6925ACFCA8D}
	EndGlobalSection
EndGlobal
