
Microsoft Visual Studio Solution File, Format Version 12.00
# Visual Studio Version 17
VisualStudioVersion = 17.11.35303.130
MinimumVisualStudioVersion = 10.0.40219.1
Project("{F184B08F-C81C-45F6-A57F-5ABD9991F28F}") = "Lesson35_Poker", "Lesson35_Poker\Lesson35_Poker.vbproj", "{15537A27-08C7-48A1-B083-DFF84FFC2601}"
EndProject
Global
	GlobalSection(SolutionConfigurationPlatforms) = preSolution
		Debug|Any CPU = Debug|Any CPU
		Release|Any CPU = Release|Any CPU
	EndGlobalSection
	GlobalSection(ProjectConfigurationPlatforms) = postSolution
		{15537A27-08C7-48A1-B083-DFF84FFC2601}.Debug|Any CPU.ActiveCfg = Debug|Any CPU
		{15537A27-08C7-48A1-B083-DFF84FFC2601}.Debug|Any CPU.Build.0 = Debug|Any CPU
		{15537A27-08C7-48A1-B083-DFF84FFC2601}.Release|Any CPU.ActiveCfg = Release|Any CPU
		{15537A27-08C7-48A1-B083-DFF84FFC2601}.Release|Any CPU.Build.0 = Release|Any CPU
	EndGlobalSection
	GlobalSection(SolutionProperties) = preSolution
		HideSolutionNode = FALSE
	EndGlobalSection
	GlobalSection(ExtensibilityGlobals) = postSolution
		SolutionGuid = {F36965D1-F300-4086-8F28-95D1A66704FD}
	EndGlobalSection
EndGlobal
